{
  "pins" : [
    {
      "identity" : "capacitor-swift-pm",
      "kind" : "remoteSourceControl",
      "location" : "https://github.com/ionic-team/capacitor-swift-pm.git",
      "state" : {
        "branch" : "main",
        "revision" : "2827600e5da84dcfca0339c987e5a8394d6b22f9"
      }
    }
  ],
  "version" : 2
}
