{
  "name": "server",
  "lockfileVersion": 2,
  "requires": true,
  "packages": {
    "": {
      "dependencies": {
        "@hocuspocus/server": "^1.0.1",
        "y-leveldb": "^0.1.2"
      },
      "devDependencies": {
        "typescript": "^4.9.4"
      },
      "peerDependencies": {
        "yjs": "^13.5.29"
      }
    },
    "../../../y-websocket-auth": {
      "version": "0.0.0",
      "extraneous": true,
      "license": "MIT",
      "dependencies": {
        "lib0": "^0.2.52",
        "lodash.debounce": "^4.0.8",
        "ws": "^6.2.1",
        "y-protocols": "^1.0.5"
      },
      "devDependencies": {
        "rollup": "^1.32.1",
        "rollup-cli": "^1.0.9",
        "standard": "^12.0.1",
        "typescript": "^3.9.9",
        "yjs": "^13.5.0"
      },
      "optionalDependencies": {
        "y-leveldb": "^0.1.0"
      },
      "peerDependencies": {
        "yjs": "^13.5.6"
      }
    },
    "node_modules/@hocuspocus/common": {
      "version": "1.1.0",
      "resolved": "https://registry.npmjs.org/@hocuspocus/common/-/common-1.1.0.tgz",
      "integrity": "sha512-7a9bw7wi4fQUGNZuytlratjVuLUKm64jVlHWojS0Z06HCzokoJ/QP5H+1WtyiDM9OBiXaKGdZao2j+qxoUTPDg==",
      "dependencies": {
        "lib0": "^0.2.47"
      }
    },
    "node_modules/@hocuspocus/server": {
      "version": "1.1.0",
      "resolved": "https://registry.npmjs.org/@hocuspocus/server/-/server-1.1.0.tgz",
      "integrity": "sha512-lcWOjbq0fl9CookGzqkxmwq2s5qQosa8dHvYYvRul7wnt3ha0S4grO4G8a+lU70EmseG9xJxeH/bwGwhDCftJA==",
      "dependencies": {
        "@hocuspocus/common": "^1.1.0",
        "@types/async-lock": "^1.1.3",
        "@types/uuid": "^9.0.0",
        "@types/ws": "^8.5.3",
        "async-lock": "^1.3.1",
        "kleur": "^4.1.4",
        "lib0": "^0.2.46",
        "uuid": "^9.0.0",
        "ws": "^8.5.0"
      },
      "peerDependencies": {
        "y-protocols": "^1.0.5",
        "yjs": "^13.5.29"
      }
    },
    "node_modules/@types/async-lock": {
      "version": "1.4.0",
      "resolved": "https://registry.npmjs.org/@types/async-lock/-/async-lock-1.4.0.tgz",
      "integrity": "sha512-2+rYSaWrpdbQG3SA0LmMT6YxWLrI81AqpMlSkw3QtFc2HGDufkweQSn30Eiev7x9LL0oyFrBqk1PXOnB9IEgKg=="
    },
    "node_modules/@types/node": {
      "version": "18.14.1",
      "resolved": "https://registry.npmjs.org/@types/node/-/node-18.14.1.tgz",
      "integrity": "sha512-QH+37Qds3E0eDlReeboBxfHbX9omAcBCXEzswCu6jySP642jiM3cYSIkU/REqwhCUqXdonHFuBfJDiAJxMNhaQ=="
    },
    "node_modules/@types/uuid": {
      "version": "9.0.1",
      "resolved": "https://registry.npmjs.org/@types/uuid/-/uuid-9.0.1.tgz",
      "integrity": "sha512-rFT3ak0/2trgvp4yYZo5iKFEPsET7vKydKF+VRCxlQ9bpheehyAJH89dAkaLEq/j/RZXJIqcgsmPJKUP1Z28HA=="
    },
    "node_modules/@types/ws": {
      "version": "8.5.4",
      "resolved": "https://registry.npmjs.org/@types/ws/-/ws-8.5.4.tgz",
      "integrity": "sha512-zdQDHKUgcX/zBc4GrwsE/7dVdAD8JR4EuiAXiiUhhfyIJXXb2+PrGshFyeXWQPMmmZ2XxgaqclgpIC7eTXc1mg==",
      "dependencies": {
        "@types/node": "*"
      }
    },
    "node_modules/abstract-leveldown": {
      "version": "6.2.3",
      "resolved": "https://registry.npmjs.org/abstract-leveldown/-/abstract-leveldown-6.2.3.tgz",
      "integrity": "sha512-BsLm5vFMRUrrLeCcRc+G0t2qOaTzpoJQLOubq2XM72eNpjF5UdU5o/5NvlNhx95XHcAvcl8OMXr4mlg/fRgUXQ==",
      "dependencies": {
        "buffer": "^5.5.0",
        "immediate": "^3.2.3",
        "level-concat-iterator": "~2.0.0",
        "level-supports": "~1.0.0",
        "xtend": "~4.0.0"
      },
      "engines": {
        "node": ">=6"
      }
    },
    "node_modules/async-lock": {
      "version": "1.4.0",
      "resolved": "https://registry.npmjs.org/async-lock/-/async-lock-1.4.0.tgz",
      "integrity": "sha512-coglx5yIWuetakm3/1dsX9hxCNox22h7+V80RQOu2XUUMidtArxKoZoOtHUPuR84SycKTXzgGzAUR5hJxujyJQ=="
    },
    "node_modules/base64-js": {
      "version": "1.5.1",
      "resolved": "https://registry.npmjs.org/base64-js/-/base64-js-1.5.1.tgz",
      "integrity": "sha512-AKpaYlHn8t4SVbOHCy+b5+KKgvR4vrsD8vbvrbiQJps7fKDTkjkDry6ji0rUJjC0kzbNePLwzxq8iypo41qeWA==",
      "funding": [
        {
          "type": "github",
          "url": "https://github.com/sponsors/feross"
        },
        {
          "type": "patreon",
          "url": "https://www.patreon.com/feross"
        },
        {
          "type": "consulting",
          "url": "https://feross.org/support"
        }
      ]
    },
    "node_modules/buffer": {
      "version": "5.7.1",
      "resolved": "https://registry.npmjs.org/buffer/-/buffer-5.7.1.tgz",
      "integrity": "sha512-EHcyIPBQ4BSGlvjB16k5KgAJ27CIsHY/2JBmCRReo48y9rQ3MaUzWX3KVlBa4U7MyX02HdVj0K7C3WaB3ju7FQ==",
      "funding": [
        {
          "type": "github",
          "url": "https://github.com/sponsors/feross"
        },
        {
          "type": "patreon",
          "url": "https://www.patreon.com/feross"
        },
        {
          "type": "consulting",
          "url": "https://feross.org/support"
        }
      ],
      "dependencies": {
        "base64-js": "^1.3.1",
        "ieee754": "^1.1.13"
      }
    },
    "node_modules/deferred-leveldown": {
      "version": "5.3.0",
      "resolved": "https://registry.npmjs.org/deferred-leveldown/-/deferred-leveldown-5.3.0.tgz",
      "integrity": "sha512-a59VOT+oDy7vtAbLRCZwWgxu2BaCfd5Hk7wxJd48ei7I+nsg8Orlb9CLG0PMZienk9BSUKgeAqkO2+Lw+1+Ukw==",
      "dependencies": {
        "abstract-leveldown": "~6.2.1",
        "inherits": "^2.0.3"
      },
      "engines": {
        "node": ">=6"
      }
    },
    "node_modules/encoding-down": {
      "version": "6.3.0",
      "resolved": "https://registry.npmjs.org/encoding-down/-/encoding-down-6.3.0.tgz",
      "integrity": "sha512-QKrV0iKR6MZVJV08QY0wp1e7vF6QbhnbQhb07bwpEyuz4uZiZgPlEGdkCROuFkUwdxlFaiPIhjyarH1ee/3vhw==",
      "dependencies": {
        "abstract-leveldown": "^6.2.1",
        "inherits": "^2.0.3",
        "level-codec": "^9.0.0",
        "level-errors": "^2.0.0"
      },
      "engines": {
        "node": ">=6"
      }
    },
    "node_modules/errno": {
      "version": "0.1.8",
      "resolved": "https://registry.npmjs.org/errno/-/errno-0.1.8.tgz",
      "integrity": "sha512-dJ6oBr5SQ1VSd9qkk7ByRgb/1SH4JZjCHSW/mr63/QcXO9zLVxvJ6Oy13nio03rxpSnVDDjFor75SjVeZWPW/A==",
      "dependencies": {
        "prr": "~1.0.1"
      },
      "bin": {
        "errno": "cli.js"
      }
    },
    "node_modules/ieee754": {
      "version": "1.2.1",
      "resolved": "https://registry.npmjs.org/ieee754/-/ieee754-1.2.1.tgz",
      "integrity": "sha512-dcyqhDvX1C46lXZcVqCpK+FtMRQVdIMN6/Df5js2zouUsqG7I6sFxitIC+7KYK29KdXOLHdu9zL4sFnoVQnqaA==",
      "funding": [
        {
          "type": "github",
          "url": "https://github.com/sponsors/feross"
        },
        {
          "type": "patreon",
          "url": "https://www.patreon.com/feross"
        },
        {
          "type": "consulting",
          "url": "https://feross.org/support"
        }
      ]
    },
    "node_modules/immediate": {
      "version": "3.3.0",
      "resolved": "https://registry.npmjs.org/immediate/-/immediate-3.3.0.tgz",
      "integrity": "sha512-HR7EVodfFUdQCTIeySw+WDRFJlPcLOJbXfwwZ7Oom6tjsvZ3bOkCDJHehQC3nxJrv7+f9XecwazynjU8e4Vw3Q=="
    },
    "node_modules/inherits": {
      "version": "2.0.4",
      "resolved": "https://registry.npmjs.org/inherits/-/inherits-2.0.4.tgz",
      "integrity": "sha512-k/vGaX4/Yla3WzyMCvTQOXYeIHvqOKtnqBduzTHpzpQZzAskKMhZ2K+EnBiSM9zGSoIFeMpXKxa4dYeZIQqewQ=="
    },
    "node_modules/isomorphic.js": {
      "version": "0.2.5",
      "license": "MIT",
      "funding": {
        "type": "GitHub Sponsors ❤",
        "url": "https://github.com/sponsors/dmonad"
      }
    },
    "node_modules/kleur": {
      "version": "4.1.5",
      "resolved": "https://registry.npmjs.org/kleur/-/kleur-4.1.5.tgz",
      "integrity": "sha512-o+NO+8WrRiQEE4/7nwRJhN1HWpVmJm511pBHUxPLtp0BUISzlBplORYSmTclCnJvQq2tKu/sgl3xVpkc7ZWuQQ==",
      "engines": {
        "node": ">=6"
      }
    },
    "node_modules/level": {
      "version": "6.0.1",
      "resolved": "https://registry.npmjs.org/level/-/level-6.0.1.tgz",
      "integrity": "sha512-psRSqJZCsC/irNhfHzrVZbmPYXDcEYhA5TVNwr+V92jF44rbf86hqGp8fiT702FyiArScYIlPSBTDUASCVNSpw==",
      "dependencies": {
        "level-js": "^5.0.0",
        "level-packager": "^5.1.0",
        "leveldown": "^5.4.0"
      },
      "engines": {
        "node": ">=8.6.0"
      },
      "funding": {
        "type": "opencollective",
        "url": "https://opencollective.com/level"
      }
    },
    "node_modules/level-codec": {
      "version": "9.0.2",
      "resolved": "https://registry.npmjs.org/level-codec/-/level-codec-9.0.2.tgz",
      "integrity": "sha512-UyIwNb1lJBChJnGfjmO0OR+ezh2iVu1Kas3nvBS/BzGnx79dv6g7unpKIDNPMhfdTEGoc7mC8uAu51XEtX+FHQ==",
      "dependencies": {
        "buffer": "^5.6.0"
      },
      "engines": {
        "node": ">=6"
      }
    },
    "node_modules/level-concat-iterator": {
      "version": "2.0.1",
      "resolved": "https://registry.npmjs.org/level-concat-iterator/-/level-concat-iterator-2.0.1.tgz",
      "integrity": "sha512-OTKKOqeav2QWcERMJR7IS9CUo1sHnke2C0gkSmcR7QuEtFNLLzHQAvnMw8ykvEcv0Qtkg0p7FOwP1v9e5Smdcw==",
      "engines": {
        "node": ">=6"
      }
    },
    "node_modules/level-errors": {
      "version": "2.0.1",
      "resolved": "https://registry.npmjs.org/level-errors/-/level-errors-2.0.1.tgz",
      "integrity": "sha512-UVprBJXite4gPS+3VznfgDSU8PTRuVX0NXwoWW50KLxd2yw4Y1t2JUR5In1itQnudZqRMT9DlAM3Q//9NCjCFw==",
      "dependencies": {
        "errno": "~0.1.1"
      },
      "engines": {
        "node": ">=6"
      }
    },
    "node_modules/level-iterator-stream": {
      "version": "4.0.2",
      "resolved": "https://registry.npmjs.org/level-iterator-stream/-/level-iterator-stream-4.0.2.tgz",
      "integrity": "sha512-ZSthfEqzGSOMWoUGhTXdX9jv26d32XJuHz/5YnuHZzH6wldfWMOVwI9TBtKcya4BKTyTt3XVA0A3cF3q5CY30Q==",
      "dependencies": {
        "inherits": "^2.0.4",
        "readable-stream": "^3.4.0",
        "xtend": "^4.0.2"
      },
      "engines": {
        "node": ">=6"
      }
    },
    "node_modules/level-js": {
      "version": "5.0.2",
      "resolved": "https://registry.npmjs.org/level-js/-/level-js-5.0.2.tgz",
      "integrity": "sha512-SnBIDo2pdO5VXh02ZmtAyPP6/+6YTJg2ibLtl9C34pWvmtMEmRTWpra+qO/hifkUtBTOtfx6S9vLDjBsBK4gRg==",
      "dependencies": {
        "abstract-leveldown": "~6.2.3",
        "buffer": "^5.5.0",
        "inherits": "^2.0.3",
        "ltgt": "^2.1.2"
      }
    },
    "node_modules/level-packager": {
      "version": "5.1.1",
      "resolved": "https://registry.npmjs.org/level-packager/-/level-packager-5.1.1.tgz",
      "integrity": "sha512-HMwMaQPlTC1IlcwT3+swhqf/NUO+ZhXVz6TY1zZIIZlIR0YSn8GtAAWmIvKjNY16ZkEg/JcpAuQskxsXqC0yOQ==",
      "dependencies": {
        "encoding-down": "^6.3.0",
        "levelup": "^4.3.2"
      },
      "engines": {
        "node": ">=6"
      }
    },
    "node_modules/level-supports": {
      "version": "1.0.1",
      "resolved": "https://registry.npmjs.org/level-supports/-/level-supports-1.0.1.tgz",
      "integrity": "sha512-rXM7GYnW8gsl1vedTJIbzOrRv85c/2uCMpiiCzO2fndd06U/kUXEEU9evYn4zFggBOg36IsBW8LzqIpETwwQzg==",
      "dependencies": {
        "xtend": "^4.0.2"
      },
      "engines": {
        "node": ">=6"
      }
    },
    "node_modules/leveldown": {
      "version": "5.6.0",
      "resolved": "https://registry.npmjs.org/leveldown/-/leveldown-5.6.0.tgz",
      "integrity": "sha512-iB8O/7Db9lPaITU1aA2txU/cBEXAt4vWwKQRrrWuS6XDgbP4QZGj9BL2aNbwb002atoQ/lIotJkfyzz+ygQnUQ==",
      "hasInstallScript": true,
      "dependencies": {
        "abstract-leveldown": "~6.2.1",
        "napi-macros": "~2.0.0",
        "node-gyp-build": "~4.1.0"
      },
      "engines": {
        "node": ">=8.6.0"
      }
    },
    "node_modules/levelup": {
      "version": "4.4.0",
      "resolved": "https://registry.npmjs.org/levelup/-/levelup-4.4.0.tgz",
      "integrity": "sha512-94++VFO3qN95cM/d6eBXvd894oJE0w3cInq9USsyQzzoJxmiYzPAocNcuGCPGGjoXqDVJcr3C1jzt1TSjyaiLQ==",
      "dependencies": {
        "deferred-leveldown": "~5.3.0",
        "level-errors": "~2.0.0",
        "level-iterator-stream": "~4.0.0",
        "level-supports": "~1.0.0",
        "xtend": "~4.0.0"
      },
      "engines": {
        "node": ">=6"
      }
    },
    "node_modules/lib0": {
      "version": "0.2.58",
      "license": "MIT",
      "dependencies": {
        "isomorphic.js": "^0.2.4"
      },
      "engines": {
        "node": ">=14"
      },
      "funding": {
        "type": "GitHub Sponsors ❤",
        "url": "https://github.com/sponsors/dmonad"
      }
    },
    "node_modules/ltgt": {
      "version": "2.2.1",
      "resolved": "https://registry.npmjs.org/ltgt/-/ltgt-2.2.1.tgz",
      "integrity": "sha512-AI2r85+4MquTw9ZYqabu4nMwy9Oftlfa/e/52t9IjtfG+mGBbTNdAoZ3RQKLHR6r0wQnwZnPIEh/Ya6XTWAKNA=="
    },
    "node_modules/napi-macros": {
      "version": "2.0.0",
      "resolved": "https://registry.npmjs.org/napi-macros/-/napi-macros-2.0.0.tgz",
      "integrity": "sha512-A0xLykHtARfueITVDernsAWdtIMbOJgKgcluwENp3AlsKN/PloyO10HtmoqnFAQAcxPkgZN7wdfPfEd0zNGxbg=="
    },
    "node_modules/node-gyp-build": {
      "version": "4.1.1",
      "resolved": "https://registry.npmjs.org/node-gyp-build/-/node-gyp-build-4.1.1.tgz",
      "integrity": "sha512-dSq1xmcPDKPZ2EED2S6zw/b9NKsqzXRE6dVr8TVQnI3FJOTteUMuqF3Qqs6LZg+mLGYJWqQzMbIjMtJqTv87nQ==",
      "bin": {
        "node-gyp-build": "bin.js",
        "node-gyp-build-optional": "optional.js",
        "node-gyp-build-test": "build-test.js"
      }
    },
    "node_modules/prr": {
      "version": "1.0.1",
      "resolved": "https://registry.npmjs.org/prr/-/prr-1.0.1.tgz",
      "integrity": "sha512-yPw4Sng1gWghHQWj0B3ZggWUm4qVbPwPFcRG8KyxiU7J2OHFSoEHKS+EZ3fv5l1t9CyCiop6l/ZYeWbrgoQejw=="
    },
    "node_modules/readable-stream": {
      "version": "3.6.1",
      "resolved": "https://registry.npmjs.org/readable-stream/-/readable-stream-3.6.1.tgz",
      "integrity": "sha512-+rQmrWMYGA90yenhTYsLWAsLsqVC8osOw6PKE1HDYiO0gdPeKe/xDHNzIAIn4C91YQ6oenEhfYqqc1883qHbjQ==",
      "dependencies": {
        "inherits": "^2.0.3",
        "string_decoder": "^1.1.1",
        "util-deprecate": "^1.0.1"
      },
      "engines": {
        "node": ">= 6"
      }
    },
    "node_modules/safe-buffer": {
      "version": "5.2.1",
      "resolved": "https://registry.npmjs.org/safe-buffer/-/safe-buffer-5.2.1.tgz",
      "integrity": "sha512-rp3So07KcdmmKbGvgaNxQSJr7bGVSVk5S9Eq1F+ppbRo70+YeaDxkw5Dd8NPN+GD6bjnYm2VuPuCXmpuYvmCXQ==",
      "funding": [
        {
          "type": "github",
          "url": "https://github.com/sponsors/feross"
        },
        {
          "type": "patreon",
          "url": "https://www.patreon.com/feross"
        },
        {
          "type": "consulting",
          "url": "https://feross.org/support"
        }
      ]
    },
    "node_modules/string_decoder": {
      "version": "1.3.0",
      "resolved": "https://registry.npmjs.org/string_decoder/-/string_decoder-1.3.0.tgz",
      "integrity": "sha512-hkRX8U1WjJFd8LsDJ2yQ/wWWxaopEsABU1XfkM8A+j0+85JAGppt16cr1Whg6KIbb4okU6Mql6BOj+uup/wKeA==",
      "dependencies": {
        "safe-buffer": "~5.2.0"
      }
    },
    "node_modules/typescript": {
      "version": "4.9.4",
      "resolved": "https://registry.npmjs.org/typescript/-/typescript-4.9.4.tgz",
      "integrity": "sha512-Uz+dTXYzxXXbsFpM86Wh3dKCxrQqUcVMxwU54orwlJjOpO3ao8L7j5lH+dWfTwgCwIuM9GQ2kvVotzYJMXTBZg==",
      "dev": true,
      "bin": {
        "tsc": "bin/tsc",
        "tsserver": "bin/tsserver"
      },
      "engines": {
        "node": ">=4.2.0"
      }
    },
    "node_modules/util-deprecate": {
      "version": "1.0.2",
      "resolved": "https://registry.npmjs.org/util-deprecate/-/util-deprecate-1.0.2.tgz",
      "integrity": "sha512-EPD5q1uXyFxJpCrLnCc1nHnq3gOa6DZBocAIiI2TaSCA7VCJ1UJDMagCzIkXNsUYfD1daK//LTEQ8xiIbrHtcw=="
    },
    "node_modules/uuid": {
      "version": "9.0.0",
      "resolved": "https://registry.npmjs.org/uuid/-/uuid-9.0.0.tgz",
      "integrity": "sha512-MXcSTerfPa4uqyzStbRoTgt5XIe3x5+42+q1sDuy3R5MDk66URdLMOZe5aPX/SQd+kuYAh0FdP/pO28IkQyTeg==",
      "bin": {
        "uuid": "dist/bin/uuid"
      }
    },
    "node_modules/ws": {
      "version": "8.12.1",
      "resolved": "https://registry.npmjs.org/ws/-/ws-8.12.1.tgz",
      "integrity": "sha512-1qo+M9Ba+xNhPB+YTWUlK6M17brTut5EXbcBaMRN5pH5dFrXz7lzz1ChFSUq3bOUl8yEvSenhHmYUNJxFzdJew==",
      "engines": {
        "node": ">=10.0.0"
      },
      "peerDependencies": {
        "bufferutil": "^4.0.1",
        "utf-8-validate": ">=5.0.2"
      },
      "peerDependenciesMeta": {
        "bufferutil": {
          "optional": true
        },
        "utf-8-validate": {
          "optional": true
        }
      }
    },
    "node_modules/xtend": {
      "version": "4.0.2",
      "resolved": "https://registry.npmjs.org/xtend/-/xtend-4.0.2.tgz",
      "integrity": "sha512-LKYU1iAXJXUgAXn9URjiu+MWhyUXHsvfp7mcuYm9dSUKK0/CjtrUwFAxD82/mCWbtLsGjFIad0wIsod4zrTAEQ==",
      "engines": {
        "node": ">=0.4"
      }
    },
    "node_modules/y-leveldb": {
      "version": "0.1.2",
      "resolved": "https://registry.npmjs.org/y-leveldb/-/y-leveldb-0.1.2.tgz",
      "integrity": "sha512-6ulEn5AXfXJYi89rXPEg2mMHAyyw8+ZfeMMdOtBbV8FJpQ1NOrcgi6DTAcXof0dap84NjHPT2+9d0rb6cFsjEg==",
      "dependencies": {
        "level": "^6.0.1",
        "lib0": "^0.2.31"
      },
      "funding": {
        "type": "GitHub Sponsors ❤",
        "url": "https://github.com/sponsors/dmonad"
      },
      "peerDependencies": {
        "yjs": "^13.0.0"
      }
    },
    "node_modules/y-protocols": {
      "version": "1.0.5",
      "resolved": "https://registry.npmjs.org/y-protocols/-/y-protocols-1.0.5.tgz",
      "integrity": "sha512-Wil92b7cGk712lRHDqS4T90IczF6RkcvCwAD0A2OPg+adKmOe+nOiT/N2hvpQIWS3zfjmtL4CPaH5sIW1Hkm/A==",
      "peer": true,
      "dependencies": {
        "lib0": "^0.2.42"
      },
      "funding": {
        "type": "GitHub Sponsors ❤",
        "url": "https://github.com/sponsors/dmonad"
      }
    },
    "node_modules/yjs": {
      "version": "13.5.29",
      "resolved": "https://registry.npmjs.org/yjs/-/yjs-13.5.29.tgz",
      "integrity": "sha512-Wtx1jLM+LbUUJsN9NJLYgANh1MEI1QAFyLLTHymEwpKwWtLg9hRvucX7YGQ4GHLT6MIIdWt66B5Wu4dkZriEKw==",
      "peer": true,
      "dependencies": {
        "lib0": "^0.2.43"
      },
      "funding": {
        "type": "GitHub Sponsors ❤",
        "url": "https://github.com/sponsors/dmonad"
      }
    }
  },
  "dependencies": {
    "@hocuspocus/common": {
      "version": "1.1.0",
      "resolved": "https://registry.npmjs.org/@hocuspocus/common/-/common-1.1.0.tgz",
      "integrity": "sha512-7a9bw7wi4fQUGNZuytlratjVuLUKm64jVlHWojS0Z06HCzokoJ/QP5H+1WtyiDM9OBiXaKGdZao2j+qxoUTPDg==",
      "requires": {
        "lib0": "^0.2.47"
      }
    },
    "@hocuspocus/server": {
      "version": "1.1.0",
      "resolved": "https://registry.npmjs.org/@hocuspocus/server/-/server-1.1.0.tgz",
      "integrity": "sha512-lcWOjbq0fl9CookGzqkxmwq2s5qQosa8dHvYYvRul7wnt3ha0S4grO4G8a+lU70EmseG9xJxeH/bwGwhDCftJA==",
      "requires": {
        "@hocuspocus/common": "^1.1.0",
        "@types/async-lock": "^1.1.3",
        "@types/uuid": "^9.0.0",
        "@types/ws": "^8.5.3",
        "async-lock": "^1.3.1",
        "kleur": "^4.1.4",
        "lib0": "^0.2.46",
        "uuid": "^9.0.0",
        "ws": "^8.5.0"
      }
    },
    "@types/async-lock": {
      "version": "1.4.0",
      "resolved": "https://registry.npmjs.org/@types/async-lock/-/async-lock-1.4.0.tgz",
      "integrity": "sha512-2+rYSaWrpdbQG3SA0LmMT6YxWLrI81AqpMlSkw3QtFc2HGDufkweQSn30Eiev7x9LL0oyFrBqk1PXOnB9IEgKg=="
    },
    "@types/node": {
      "version": "18.14.1",
      "resolved": "https://registry.npmjs.org/@types/node/-/node-18.14.1.tgz",
      "integrity": "sha512-QH+37Qds3E0eDlReeboBxfHbX9omAcBCXEzswCu6jySP642jiM3cYSIkU/REqwhCUqXdonHFuBfJDiAJxMNhaQ=="
    },
    "@types/uuid": {
      "version": "9.0.1",
      "resolved": "https://registry.npmjs.org/@types/uuid/-/uuid-9.0.1.tgz",
      "integrity": "sha512-rFT3ak0/2trgvp4yYZo5iKFEPsET7vKydKF+VRCxlQ9bpheehyAJH89dAkaLEq/j/RZXJIqcgsmPJKUP1Z28HA=="
    },
    "@types/ws": {
      "version": "8.5.4",
      "resolved": "https://registry.npmjs.org/@types/ws/-/ws-8.5.4.tgz",
      "integrity": "sha512-zdQDHKUgcX/zBc4GrwsE/7dVdAD8JR4EuiAXiiUhhfyIJXXb2+PrGshFyeXWQPMmmZ2XxgaqclgpIC7eTXc1mg==",
      "requires": {
        "@types/node": "*"
      }
    },
    "abstract-leveldown": {
      "version": "6.2.3",
      "resolved": "https://registry.npmjs.org/abstract-leveldown/-/abstract-leveldown-6.2.3.tgz",
      "integrity": "sha512-BsLm5vFMRUrrLeCcRc+G0t2qOaTzpoJQLOubq2XM72eNpjF5UdU5o/5NvlNhx95XHcAvcl8OMXr4mlg/fRgUXQ==",
      "requires": {
        "buffer": "^5.5.0",
        "immediate": "^3.2.3",
        "level-concat-iterator": "~2.0.0",
        "level-supports": "~1.0.0",
        "xtend": "~4.0.0"
      }
    },
    "async-lock": {
      "version": "1.4.0",
      "resolved": "https://registry.npmjs.org/async-lock/-/async-lock-1.4.0.tgz",
      "integrity": "sha512-coglx5yIWuetakm3/1dsX9hxCNox22h7+V80RQOu2XUUMidtArxKoZoOtHUPuR84SycKTXzgGzAUR5hJxujyJQ=="
    },
    "base64-js": {
      "version": "1.5.1",
      "resolved": "https://registry.npmjs.org/base64-js/-/base64-js-1.5.1.tgz",
      "integrity": "sha512-AKpaYlHn8t4SVbOHCy+b5+KKgvR4vrsD8vbvrbiQJps7fKDTkjkDry6ji0rUJjC0kzbNePLwzxq8iypo41qeWA=="
    },
    "buffer": {
      "version": "5.7.1",
      "resolved": "https://registry.npmjs.org/buffer/-/buffer-5.7.1.tgz",
      "integrity": "sha512-EHcyIPBQ4BSGlvjB16k5KgAJ27CIsHY/2JBmCRReo48y9rQ3MaUzWX3KVlBa4U7MyX02HdVj0K7C3WaB3ju7FQ==",
      "requires": {
        "base64-js": "^1.3.1",
        "ieee754": "^1.1.13"
      }
    },
    "deferred-leveldown": {
      "version": "5.3.0",
      "resolved": "https://registry.npmjs.org/deferred-leveldown/-/deferred-leveldown-5.3.0.tgz",
      "integrity": "sha512-a59VOT+oDy7vtAbLRCZwWgxu2BaCfd5Hk7wxJd48ei7I+nsg8Orlb9CLG0PMZienk9BSUKgeAqkO2+Lw+1+Ukw==",
      "requires": {
        "abstract-leveldown": "~6.2.1",
        "inherits": "^2.0.3"
      }
    },
    "encoding-down": {
      "version": "6.3.0",
      "resolved": "https://registry.npmjs.org/encoding-down/-/encoding-down-6.3.0.tgz",
      "integrity": "sha512-QKrV0iKR6MZVJV08QY0wp1e7vF6QbhnbQhb07bwpEyuz4uZiZgPlEGdkCROuFkUwdxlFaiPIhjyarH1ee/3vhw==",
      "requires": {
        "abstract-leveldown": "^6.2.1",
        "inherits": "^2.0.3",
        "level-codec": "^9.0.0",
        "level-errors": "^2.0.0"
      }
    },
    "errno": {
      "version": "0.1.8",
      "resolved": "https://registry.npmjs.org/errno/-/errno-0.1.8.tgz",
      "integrity": "sha512-dJ6oBr5SQ1VSd9qkk7ByRgb/1SH4JZjCHSW/mr63/QcXO9zLVxvJ6Oy13nio03rxpSnVDDjFor75SjVeZWPW/A==",
      "requires": {
        "prr": "~1.0.1"
      }
    },
    "ieee754": {
      "version": "1.2.1",
      "resolved": "https://registry.npmjs.org/ieee754/-/ieee754-1.2.1.tgz",
      "integrity": "sha512-dcyqhDvX1C46lXZcVqCpK+FtMRQVdIMN6/Df5js2zouUsqG7I6sFxitIC+7KYK29KdXOLHdu9zL4sFnoVQnqaA=="
    },
    "immediate": {
      "version": "3.3.0",
      "resolved": "https://registry.npmjs.org/immediate/-/immediate-3.3.0.tgz",
      "integrity": "sha512-HR7EVodfFUdQCTIeySw+WDRFJlPcLOJbXfwwZ7Oom6tjsvZ3bOkCDJHehQC3nxJrv7+f9XecwazynjU8e4Vw3Q=="
    },
    "inherits": {
      "version": "2.0.4",
      "resolved": "https://registry.npmjs.org/inherits/-/inherits-2.0.4.tgz",
      "integrity": "sha512-k/vGaX4/Yla3WzyMCvTQOXYeIHvqOKtnqBduzTHpzpQZzAskKMhZ2K+EnBiSM9zGSoIFeMpXKxa4dYeZIQqewQ=="
    },
    "isomorphic.js": {
      "version": "0.2.5"
    },
    "kleur": {
      "version": "4.1.5",
      "resolved": "https://registry.npmjs.org/kleur/-/kleur-4.1.5.tgz",
      "integrity": "sha512-o+NO+8WrRiQEE4/7nwRJhN1HWpVmJm511pBHUxPLtp0BUISzlBplORYSmTclCnJvQq2tKu/sgl3xVpkc7ZWuQQ=="
    },
    "level": {
      "version": "6.0.1",
      "resolved": "https://registry.npmjs.org/level/-/level-6.0.1.tgz",
      "integrity": "sha512-psRSqJZCsC/irNhfHzrVZbmPYXDcEYhA5TVNwr+V92jF44rbf86hqGp8fiT702FyiArScYIlPSBTDUASCVNSpw==",
      "requires": {
        "level-js": "^5.0.0",
        "level-packager": "^5.1.0",
        "leveldown": "^5.4.0"
      }
    },
    "level-codec": {
      "version": "9.0.2",
      "resolved": "https://registry.npmjs.org/level-codec/-/level-codec-9.0.2.tgz",
      "integrity": "sha512-UyIwNb1lJBChJnGfjmO0OR+ezh2iVu1Kas3nvBS/BzGnx79dv6g7unpKIDNPMhfdTEGoc7mC8uAu51XEtX+FHQ==",
      "requires": {
        "buffer": "^5.6.0"
      }
    },
    "level-concat-iterator": {
      "version": "2.0.1",
      "resolved": "https://registry.npmjs.org/level-concat-iterator/-/level-concat-iterator-2.0.1.tgz",
      "integrity": "sha512-OTKKOqeav2QWcERMJR7IS9CUo1sHnke2C0gkSmcR7QuEtFNLLzHQAvnMw8ykvEcv0Qtkg0p7FOwP1v9e5Smdcw=="
    },
    "level-errors": {
      "version": "2.0.1",
      "resolved": "https://registry.npmjs.org/level-errors/-/level-errors-2.0.1.tgz",
      "integrity": "sha512-UVprBJXite4gPS+3VznfgDSU8PTRuVX0NXwoWW50KLxd2yw4Y1t2JUR5In1itQnudZqRMT9DlAM3Q//9NCjCFw==",
      "requires": {
        "errno": "~0.1.1"
      }
    },
    "level-iterator-stream": {
      "version": "4.0.2",
      "resolved": "https://registry.npmjs.org/level-iterator-stream/-/level-iterator-stream-4.0.2.tgz",
      "integrity": "sha512-ZSthfEqzGSOMWoUGhTXdX9jv26d32XJuHz/5YnuHZzH6wldfWMOVwI9TBtKcya4BKTyTt3XVA0A3cF3q5CY30Q==",
      "requires": {
        "inherits": "^2.0.4",
        "readable-stream": "^3.4.0",
        "xtend": "^4.0.2"
      }
    },
    "level-js": {
      "version": "5.0.2",
      "resolved": "https://registry.npmjs.org/level-js/-/level-js-5.0.2.tgz",
      "integrity": "sha512-SnBIDo2pdO5VXh02ZmtAyPP6/+6YTJg2ibLtl9C34pWvmtMEmRTWpra+qO/hifkUtBTOtfx6S9vLDjBsBK4gRg==",
      "requires": {
        "abstract-leveldown": "~6.2.3",
        "buffer": "^5.5.0",
        "inherits": "^2.0.3",
        "ltgt": "^2.1.2"
      }
    },
    "level-packager": {
      "version": "5.1.1",
      "resolved": "https://registry.npmjs.org/level-packager/-/level-packager-5.1.1.tgz",
      "integrity": "sha512-HMwMaQPlTC1IlcwT3+swhqf/NUO+ZhXVz6TY1zZIIZlIR0YSn8GtAAWmIvKjNY16ZkEg/JcpAuQskxsXqC0yOQ==",
      "requires": {
        "encoding-down": "^6.3.0",
        "levelup": "^4.3.2"
      }
    },
    "level-supports": {
      "version": "1.0.1",
      "resolved": "https://registry.npmjs.org/level-supports/-/level-supports-1.0.1.tgz",
      "integrity": "sha512-rXM7GYnW8gsl1vedTJIbzOrRv85c/2uCMpiiCzO2fndd06U/kUXEEU9evYn4zFggBOg36IsBW8LzqIpETwwQzg==",
      "requires": {
        "xtend": "^4.0.2"
      }
    },
    "leveldown": {
      "version": "5.6.0",
      "resolved": "https://registry.npmjs.org/leveldown/-/leveldown-5.6.0.tgz",
      "integrity": "sha512-iB8O/7Db9lPaITU1aA2txU/cBEXAt4vWwKQRrrWuS6XDgbP4QZGj9BL2aNbwb002atoQ/lIotJkfyzz+ygQnUQ==",
      "requires": {
        "abstract-leveldown": "~6.2.1",
        "napi-macros": "~2.0.0",
        "node-gyp-build": "~4.1.0"
      }
    },
    "levelup": {
      "version": "4.4.0",
      "resolved": "https://registry.npmjs.org/levelup/-/levelup-4.4.0.tgz",
      "integrity": "sha512-94++VFO3qN95cM/d6eBXvd894oJE0w3cInq9USsyQzzoJxmiYzPAocNcuGCPGGjoXqDVJcr3C1jzt1TSjyaiLQ==",
      "requires": {
        "deferred-leveldown": "~5.3.0",
        "level-errors": "~2.0.0",
        "level-iterator-stream": "~4.0.0",
        "level-supports": "~1.0.0",
        "xtend": "~4.0.0"
      }
    },
    "lib0": {
      "version": "0.2.58",
      "requires": {
        "isomorphic.js": "^0.2.4"
      }
    },
    "ltgt": {
      "version": "2.2.1",
      "resolved": "https://registry.npmjs.org/ltgt/-/ltgt-2.2.1.tgz",
      "integrity": "sha512-AI2r85+4MquTw9ZYqabu4nMwy9Oftlfa/e/52t9IjtfG+mGBbTNdAoZ3RQKLHR6r0wQnwZnPIEh/Ya6XTWAKNA=="
    },
    "napi-macros": {
      "version": "2.0.0",
      "resolved": "https://registry.npmjs.org/napi-macros/-/napi-macros-2.0.0.tgz",
      "integrity": "sha512-A0xLykHtARfueITVDernsAWdtIMbOJgKgcluwENp3AlsKN/PloyO10HtmoqnFAQAcxPkgZN7wdfPfEd0zNGxbg=="
    },
    "node-gyp-build": {
      "version": "4.1.1",
      "resolved": "https://registry.npmjs.org/node-gyp-build/-/node-gyp-build-4.1.1.tgz",
      "integrity": "sha512-dSq1xmcPDKPZ2EED2S6zw/b9NKsqzXRE6dVr8TVQnI3FJOTteUMuqF3Qqs6LZg+mLGYJWqQzMbIjMtJqTv87nQ=="
    },
    "prr": {
      "version": "1.0.1",
      "resolved": "https://registry.npmjs.org/prr/-/prr-1.0.1.tgz",
      "integrity": "sha512-yPw4Sng1gWghHQWj0B3ZggWUm4qVbPwPFcRG8KyxiU7J2OHFSoEHKS+EZ3fv5l1t9CyCiop6l/ZYeWbrgoQejw=="
    },
    "readable-stream": {
      "version": "3.6.1",
      "resolved": "https://registry.npmjs.org/readable-stream/-/readable-stream-3.6.1.tgz",
      "integrity": "sha512-+rQmrWMYGA90yenhTYsLWAsLsqVC8osOw6PKE1HDYiO0gdPeKe/xDHNzIAIn4C91YQ6oenEhfYqqc1883qHbjQ==",
      "requires": {
        "inherits": "^2.0.3",
        "string_decoder": "^1.1.1",
        "util-deprecate": "^1.0.1"
      }
    },
    "safe-buffer": {
      "version": "5.2.1",
      "resolved": "https://registry.npmjs.org/safe-buffer/-/safe-buffer-5.2.1.tgz",
      "integrity": "sha512-rp3So07KcdmmKbGvgaNxQSJr7bGVSVk5S9Eq1F+ppbRo70+YeaDxkw5Dd8NPN+GD6bjnYm2VuPuCXmpuYvmCXQ=="
    },
    "string_decoder": {
      "version": "1.3.0",
      "resolved": "https://registry.npmjs.org/string_decoder/-/string_decoder-1.3.0.tgz",
      "integrity": "sha512-hkRX8U1WjJFd8LsDJ2yQ/wWWxaopEsABU1XfkM8A+j0+85JAGppt16cr1Whg6KIbb4okU6Mql6BOj+uup/wKeA==",
      "requires": {
        "safe-buffer": "~5.2.0"
      }
    },
    "typescript": {
      "version": "4.9.4",
      "resolved": "https://registry.npmjs.org/typescript/-/typescript-4.9.4.tgz",
      "integrity": "sha512-Uz+dTXYzxXXbsFpM86Wh3dKCxrQqUcVMxwU54orwlJjOpO3ao8L7j5lH+dWfTwgCwIuM9GQ2kvVotzYJMXTBZg==",
      "dev": true
    },
    "util-deprecate": {
      "version": "1.0.2",
      "resolved": "https://registry.npmjs.org/util-deprecate/-/util-deprecate-1.0.2.tgz",
      "integrity": "sha512-EPD5q1uXyFxJpCrLnCc1nHnq3gOa6DZBocAIiI2TaSCA7VCJ1UJDMagCzIkXNsUYfD1daK//LTEQ8xiIbrHtcw=="
    },
    "uuid": {
      "version": "9.0.0",
      "resolved": "https://registry.npmjs.org/uuid/-/uuid-9.0.0.tgz",
      "integrity": "sha512-MXcSTerfPa4uqyzStbRoTgt5XIe3x5+42+q1sDuy3R5MDk66URdLMOZe5aPX/SQd+kuYAh0FdP/pO28IkQyTeg=="
    },
    "ws": {
      "version": "8.12.1",
      "resolved": "https://registry.npmjs.org/ws/-/ws-8.12.1.tgz",
      "integrity": "sha512-1qo+M9Ba+xNhPB+YTWUlK6M17brTut5EXbcBaMRN5pH5dFrXz7lzz1ChFSUq3bOUl8yEvSenhHmYUNJxFzdJew==",
      "requires": {}
    },
    "xtend": {
      "version": "4.0.2",
      "resolved": "https://registry.npmjs.org/xtend/-/xtend-4.0.2.tgz",
      "integrity": "sha512-LKYU1iAXJXUgAXn9URjiu+MWhyUXHsvfp7mcuYm9dSUKK0/CjtrUwFAxD82/mCWbtLsGjFIad0wIsod4zrTAEQ=="
    },
    "y-leveldb": {
      "version": "0.1.2",
      "resolved": "https://registry.npmjs.org/y-leveldb/-/y-leveldb-0.1.2.tgz",
      "integrity": "sha512-6ulEn5AXfXJYi89rXPEg2mMHAyyw8+ZfeMMdOtBbV8FJpQ1NOrcgi6DTAcXof0dap84NjHPT2+9d0rb6cFsjEg==",
      "requires": {
        "level": "^6.0.1",
        "lib0": "^0.2.31"
      }
    },
    "y-protocols": {
      "version": "1.0.5",
      "resolved": "https://registry.npmjs.org/y-protocols/-/y-protocols-1.0.5.tgz",
      "integrity": "sha512-Wil92b7cGk712lRHDqS4T90IczF6RkcvCwAD0A2OPg+adKmOe+nOiT/N2hvpQIWS3zfjmtL4CPaH5sIW1Hkm/A==",
      "peer": true,
      "requires": {
        "lib0": "^0.2.42"
      }
    },
    "yjs": {
      "version": "13.5.29",
      "resolved": "https://registry.npmjs.org/yjs/-/yjs-13.5.29.tgz",
      "integrity": "sha512-Wtx1jLM+LbUUJsN9NJLYgANh1MEI1QAFyLLTHymEwpKwWtLg9hRvucX7YGQ4GHLT6MIIdWt66B5Wu4dkZriEKw==",
      "peer": true,
      "requires": {
        "lib0": "^0.2.43"
      }
    }
  }
}
