{
  "name": "server",
  "lockfileVersion": 2,
  "requires": true,
  "packages": {
    "": {
      "dependencies": {
        "@hocuspocus/server": "^1.0.1",
        "yjs": "13.5.29"
      },
      "devDependencies": {
        "typescript": "^4.9.4"
      }
    },
    "../../../y-websocket-auth": {
      "version": "0.0.0",
      "extraneous": true,
      "license": "MIT",
      "dependencies": {
        "lib0": "^0.2.52",
        "lodash.debounce": "^4.0.8",
        "ws": "^6.2.1",
        "y-protocols": "^1.0.5"
      },
      "devDependencies": {
        "rollup": "^1.32.1",
        "rollup-cli": "^1.0.9",
        "standard": "^12.0.1",
        "typescript": "^3.9.9",
        "yjs": "^13.5.0"
      },
      "optionalDependencies": {
        "y-leveldb": "^0.1.0"
      },
      "peerDependencies": {
        "yjs": "^13.5.6"
      }
    },
    "node_modules/@hocuspocus/common": {
      "version": "1.0.1",
      "resolved": "https://registry.npmjs.org/@hocuspocus/common/-/common-1.0.1.tgz",
      "integrity": "sha512-S1CBQvAca8Ff6VxeNRk4OY2XOvF0Fg0jz7l/qqBPNzGAdN8T84BgptgVyd3/Hn9fxsOz5/bA3heKhQP0TtlIJA==",
      "dependencies": {
        "lib0": "^0.2.47"
      }
    },
    "node_modules/@hocuspocus/server": {
      "version": "1.0.1",
      "resolved": "https://registry.npmjs.org/@hocuspocus/server/-/server-1.0.1.tgz",
      "integrity": "sha512-7Y0AegbHECiEfItZy4eQHxNsQTugnO6Or7QhDa8gvWO3A2sTpx3PGTYJ3K7/yvvB5olqlOuOUtjF+7MR1HUbiQ==",
      "dependencies": {
        "@hocuspocus/common": "^1.0.1",
        "@types/async-lock": "^1.1.3",
        "@types/uuid": "^9.0.0",
        "@types/ws": "^8.5.3",
        "async-lock": "^1.3.1",
        "kleur": "^4.1.4",
        "lib0": "^0.2.46",
        "uuid": "^9.0.0",
        "ws": "^8.5.0"
      },
      "peerDependencies": {
        "y-protocols": "^1.0.5",
        "yjs": "^13.5.29"
      }
    },
    "node_modules/@types/async-lock": {
      "version": "1.4.0",
      "resolved": "https://registry.npmjs.org/@types/async-lock/-/async-lock-1.4.0.tgz",
      "integrity": "sha512-2+rYSaWrpdbQG3SA0LmMT6YxWLrI81AqpMlSkw3QtFc2HGDufkweQSn30Eiev7x9LL0oyFrBqk1PXOnB9IEgKg=="
    },
    "node_modules/@types/node": {
      "version": "18.13.0",
      "resolved": "https://registry.npmjs.org/@types/node/-/node-18.13.0.tgz",
      "integrity": "sha512-gC3TazRzGoOnoKAhUx+Q0t8S9Tzs74z7m0ipwGpSqQrleP14hKxP4/JUeEQcD3W1/aIpnWl8pHowI7WokuZpXg=="
    },
    "node_modules/@types/uuid": {
      "version": "9.0.0",
      "resolved": "https://registry.npmjs.org/@types/uuid/-/uuid-9.0.0.tgz",
      "integrity": "sha512-kr90f+ERiQtKWMz5rP32ltJ/BtULDI5RVO0uavn1HQUOwjx0R1h0rnDYNL0CepF1zL5bSY6FISAfd9tOdDhU5Q=="
    },
    "node_modules/@types/ws": {
      "version": "8.5.4",
      "resolved": "https://registry.npmjs.org/@types/ws/-/ws-8.5.4.tgz",
      "integrity": "sha512-zdQDHKUgcX/zBc4GrwsE/7dVdAD8JR4EuiAXiiUhhfyIJXXb2+PrGshFyeXWQPMmmZ2XxgaqclgpIC7eTXc1mg==",
      "dependencies": {
        "@types/node": "*"
      }
    },
    "node_modules/async-lock": {
      "version": "1.4.0",
      "resolved": "https://registry.npmjs.org/async-lock/-/async-lock-1.4.0.tgz",
      "integrity": "sha512-coglx5yIWuetakm3/1dsX9hxCNox22h7+V80RQOu2XUUMidtArxKoZoOtHUPuR84SycKTXzgGzAUR5hJxujyJQ=="
    },
    "node_modules/isomorphic.js": {
      "version": "0.2.5",
      "license": "MIT",
      "funding": {
        "type": "GitHub Sponsors ❤",
        "url": "https://github.com/sponsors/dmonad"
      }
    },
    "node_modules/kleur": {
      "version": "4.1.5",
      "resolved": "https://registry.npmjs.org/kleur/-/kleur-4.1.5.tgz",
      "integrity": "sha512-o+NO+8WrRiQEE4/7nwRJhN1HWpVmJm511pBHUxPLtp0BUISzlBplORYSmTclCnJvQq2tKu/sgl3xVpkc7ZWuQQ==",
      "engines": {
        "node": ">=6"
      }
    },
    "node_modules/lib0": {
      "version": "0.2.58",
      "license": "MIT",
      "dependencies": {
        "isomorphic.js": "^0.2.4"
      },
      "engines": {
        "node": ">=14"
      },
      "funding": {
        "type": "GitHub Sponsors ❤",
        "url": "https://github.com/sponsors/dmonad"
      }
    },
    "node_modules/typescript": {
      "version": "4.9.4",
      "resolved": "https://registry.npmjs.org/typescript/-/typescript-4.9.4.tgz",
      "integrity": "sha512-Uz+dTXYzxXXbsFpM86Wh3dKCxrQqUcVMxwU54orwlJjOpO3ao8L7j5lH+dWfTwgCwIuM9GQ2kvVotzYJMXTBZg==",
      "dev": true,
      "bin": {
        "tsc": "bin/tsc",
        "tsserver": "bin/tsserver"
      },
      "engines": {
        "node": ">=4.2.0"
      }
    },
    "node_modules/uuid": {
      "version": "9.0.0",
      "resolved": "https://registry.npmjs.org/uuid/-/uuid-9.0.0.tgz",
      "integrity": "sha512-MXcSTerfPa4uqyzStbRoTgt5XIe3x5+42+q1sDuy3R5MDk66URdLMOZe5aPX/SQd+kuYAh0FdP/pO28IkQyTeg==",
      "bin": {
        "uuid": "dist/bin/uuid"
      }
    },
    "node_modules/ws": {
      "version": "8.12.1",
      "resolved": "https://registry.npmjs.org/ws/-/ws-8.12.1.tgz",
      "integrity": "sha512-1qo+M9Ba+xNhPB+YTWUlK6M17brTut5EXbcBaMRN5pH5dFrXz7lzz1ChFSUq3bOUl8yEvSenhHmYUNJxFzdJew==",
      "engines": {
        "node": ">=10.0.0"
      },
      "peerDependencies": {
        "bufferutil": "^4.0.1",
        "utf-8-validate": ">=5.0.2"
      },
      "peerDependenciesMeta": {
        "bufferutil": {
          "optional": true
        },
        "utf-8-validate": {
          "optional": true
        }
      }
    },
    "node_modules/y-protocols": {
      "version": "1.0.5",
      "resolved": "https://registry.npmjs.org/y-protocols/-/y-protocols-1.0.5.tgz",
      "integrity": "sha512-Wil92b7cGk712lRHDqS4T90IczF6RkcvCwAD0A2OPg+adKmOe+nOiT/N2hvpQIWS3zfjmtL4CPaH5sIW1Hkm/A==",
      "peer": true,
      "dependencies": {
        "lib0": "^0.2.42"
      },
      "funding": {
        "type": "GitHub Sponsors ❤",
        "url": "https://github.com/sponsors/dmonad"
      }
    },
    "node_modules/yjs": {
      "version": "13.5.29",
      "resolved": "https://registry.npmjs.org/yjs/-/yjs-13.5.29.tgz",
      "integrity": "sha512-Wtx1jLM+LbUUJsN9NJLYgANh1MEI1QAFyLLTHymEwpKwWtLg9hRvucX7YGQ4GHLT6MIIdWt66B5Wu4dkZriEKw==",
      "dependencies": {
        "lib0": "^0.2.43"
      },
      "funding": {
        "type": "GitHub Sponsors ❤",
        "url": "https://github.com/sponsors/dmonad"
      }
    }
  },
  "dependencies": {
    "@hocuspocus/common": {
      "version": "1.0.1",
      "resolved": "https://registry.npmjs.org/@hocuspocus/common/-/common-1.0.1.tgz",
      "integrity": "sha512-S1CBQvAca8Ff6VxeNRk4OY2XOvF0Fg0jz7l/qqBPNzGAdN8T84BgptgVyd3/Hn9fxsOz5/bA3heKhQP0TtlIJA==",
      "requires": {
        "lib0": "^0.2.47"
      }
    },
    "@hocuspocus/server": {
      "version": "1.0.1",
      "resolved": "https://registry.npmjs.org/@hocuspocus/server/-/server-1.0.1.tgz",
      "integrity": "sha512-7Y0AegbHECiEfItZy4eQHxNsQTugnO6Or7QhDa8gvWO3A2sTpx3PGTYJ3K7/yvvB5olqlOuOUtjF+7MR1HUbiQ==",
      "requires": {
        "@hocuspocus/common": "^1.0.1",
        "@types/async-lock": "^1.1.3",
        "@types/uuid": "^9.0.0",
        "@types/ws": "^8.5.3",
        "async-lock": "^1.3.1",
        "kleur": "^4.1.4",
        "lib0": "^0.2.46",
        "uuid": "^9.0.0",
        "ws": "^8.5.0"
      }
    },
    "@types/async-lock": {
      "version": "1.4.0",
      "resolved": "https://registry.npmjs.org/@types/async-lock/-/async-lock-1.4.0.tgz",
      "integrity": "sha512-2+rYSaWrpdbQG3SA0LmMT6YxWLrI81AqpMlSkw3QtFc2HGDufkweQSn30Eiev7x9LL0oyFrBqk1PXOnB9IEgKg=="
    },
    "@types/node": {
      "version": "18.13.0",
      "resolved": "https://registry.npmjs.org/@types/node/-/node-18.13.0.tgz",
      "integrity": "sha512-gC3TazRzGoOnoKAhUx+Q0t8S9Tzs74z7m0ipwGpSqQrleP14hKxP4/JUeEQcD3W1/aIpnWl8pHowI7WokuZpXg=="
    },
    "@types/uuid": {
      "version": "9.0.0",
      "resolved": "https://registry.npmjs.org/@types/uuid/-/uuid-9.0.0.tgz",
      "integrity": "sha512-kr90f+ERiQtKWMz5rP32ltJ/BtULDI5RVO0uavn1HQUOwjx0R1h0rnDYNL0CepF1zL5bSY6FISAfd9tOdDhU5Q=="
    },
    "@types/ws": {
      "version": "8.5.4",
      "resolved": "https://registry.npmjs.org/@types/ws/-/ws-8.5.4.tgz",
      "integrity": "sha512-zdQDHKUgcX/zBc4GrwsE/7dVdAD8JR4EuiAXiiUhhfyIJXXb2+PrGshFyeXWQPMmmZ2XxgaqclgpIC7eTXc1mg==",
      "requires": {
        "@types/node": "*"
      }
    },
    "async-lock": {
      "version": "1.4.0",
      "resolved": "https://registry.npmjs.org/async-lock/-/async-lock-1.4.0.tgz",
      "integrity": "sha512-coglx5yIWuetakm3/1dsX9hxCNox22h7+V80RQOu2XUUMidtArxKoZoOtHUPuR84SycKTXzgGzAUR5hJxujyJQ=="
    },
    "isomorphic.js": {
      "version": "0.2.5"
    },
    "kleur": {
      "version": "4.1.5",
      "resolved": "https://registry.npmjs.org/kleur/-/kleur-4.1.5.tgz",
      "integrity": "sha512-o+NO+8WrRiQEE4/7nwRJhN1HWpVmJm511pBHUxPLtp0BUISzlBplORYSmTclCnJvQq2tKu/sgl3xVpkc7ZWuQQ=="
    },
    "lib0": {
      "version": "0.2.58",
      "requires": {
        "isomorphic.js": "^0.2.4"
      }
    },
    "typescript": {
      "version": "4.9.4",
      "resolved": "https://registry.npmjs.org/typescript/-/typescript-4.9.4.tgz",
      "integrity": "sha512-Uz+dTXYzxXXbsFpM86Wh3dKCxrQqUcVMxwU54orwlJjOpO3ao8L7j5lH+dWfTwgCwIuM9GQ2kvVotzYJMXTBZg==",
      "dev": true
    },
    "uuid": {
      "version": "9.0.0",
      "resolved": "https://registry.npmjs.org/uuid/-/uuid-9.0.0.tgz",
      "integrity": "sha512-MXcSTerfPa4uqyzStbRoTgt5XIe3x5+42+q1sDuy3R5MDk66URdLMOZe5aPX/SQd+kuYAh0FdP/pO28IkQyTeg=="
    },
    "ws": {
      "version": "8.12.1",
      "resolved": "https://registry.npmjs.org/ws/-/ws-8.12.1.tgz",
      "integrity": "sha512-1qo+M9Ba+xNhPB+YTWUlK6M17brTut5EXbcBaMRN5pH5dFrXz7lzz1ChFSUq3bOUl8yEvSenhHmYUNJxFzdJew==",
      "requires": {}
    },
    "y-protocols": {
      "version": "1.0.5",
      "resolved": "https://registry.npmjs.org/y-protocols/-/y-protocols-1.0.5.tgz",
      "integrity": "sha512-Wil92b7cGk712lRHDqS4T90IczF6RkcvCwAD0A2OPg+adKmOe+nOiT/N2hvpQIWS3zfjmtL4CPaH5sIW1Hkm/A==",
      "peer": true,
      "requires": {
        "lib0": "^0.2.42"
      }
    },
    "yjs": {
      "version": "13.5.29",
      "resolved": "https://registry.npmjs.org/yjs/-/yjs-13.5.29.tgz",
      "integrity": "sha512-Wtx1jLM+LbUUJsN9NJLYgANh1MEI1QAFyLLTHymEwpKwWtLg9hRvucX7YGQ4GHLT6MIIdWt66B5Wu4dkZriEKw==",
      "requires": {
        "lib0": "^0.2.43"
      }
    }
  }
}
