{
  "name": "scripts",
  "version": "0.0.0",
  "lockfileVersion": 2,
  "requires": true,
  "packages": {
    "": {
      "version": "0.0.0",
      "license": "ISC",
      "dependencies": {
        "murmurhash3js": "^3.0.1"
      },
      "engines": {
        "node": ">=10.17"
      }
    },
    "node_modules/murmurhash3js": {
      "version": "3.0.1",
      "resolved": "https://registry.npmjs.org/murmurhash3js/-/murmurhash3js-3.0.1.tgz",
      "integrity": "sha512-KL8QYUaxq7kUbcl0Yto51rMcYt7E/4N4BG3/c96Iqw1PQrTRspu8Cpx4TZ4Nunib1d4bEkIH3gjCYlP2RLBdow==",
      "engines": {
        "node": ">=0.10.0"
      }
    }
  },
  "dependencies": {
    "murmurhash3js": {
      "version": "3.0.1",
      "resolved": "https://registry.npmjs.org/murmurhash3js/-/murmurhash3js-3.0.1.tgz",
      "integrity": "sha512-KL8QYUaxq7kUbcl0Yto51rMcYt7E/4N4BG3/c96Iqw1PQrTRspu8Cpx4TZ4Nunib1d4bEkIH3gjCYlP2RLBdow=="
    }
  }
}
